
Microsoft Visual Studio Solution File, Format Version 12.00
# Visual Studio 15
Project("{FAE04EC0-301F-11D3-BF4B-00C04F79EFBC}") = "Assembly-CSharp", "Assembly-CSharp.csproj", "{C6840C0A-183B-3055-3135-D83B53DA872B}"
EndProject
Global
	GlobalSection(SolutionConfigurationPlatforms) = preSolution
		Debug|Any CPU = Debug|Any CPU
		Release|Any CPU = Release|Any CPU
	EndGlobalSection
	GlobalSection(ProjectConfigurationPlatforms) = postSolution
		{C6840C0A-183B-3055-3135-D83B53DA872B}.Debug|Any CPU.ActiveCfg = Debug|Any CPU
		{C6840C0A-183B-3055-3135-D83B53DA872B}.Debug|Any CPU.Build.0 = Debug|Any CPU
		{C6840C0A-183B-3055-3135-D83B53DA872B}.Release|Any CPU.ActiveCfg = Release|Any CPU
		{C6840C0A-183B-3055-3135-D83B53DA872B}.Release|Any CPU.Build.0 = Release|Any CPU
	EndGlobalSection
	GlobalSection(SolutionProperties) = preSolution
		HideSolutionNode = FALSE
	EndGlobalSection
EndGlobal
